
Microsoft Visual Studio Solution File, Format Version 12.00
# Visual Studio Version 17
VisualStudioVersion = 17.10.35122.118
MinimumVisualStudioVersion = 10.0.40219.1
Project("{FAE04EC0-301F-11D3-BF4B-00C04F79EFBC}") = "customerForm", "customerForm\customerForm.csproj", "{B67EB15E-9130-4336-89EC-2B2F9E98F5AB}"
EndProject
Global
	GlobalSection(SolutionConfigurationPlatforms) = preSolution
		Debug|Any CPU = Debug|Any CPU
		Release|Any CPU = Release|Any CPU
	EndGlobalSection
	GlobalSection(ProjectConfigurationPlatforms) = postSolution
		{B67EB15E-9130-4336-89EC-2B2F9E98F5AB}.Debug|Any CPU.ActiveCfg = Debug|Any CPU
		{B67EB15E-9130-4336-89EC-2B2F9E98F5AB}.Debug|Any CPU.Build.0 = Debug|Any CPU
		{B67EB15E-9130-4336-89EC-2B2F9E98F5AB}.Release|Any CPU.ActiveCfg = Release|Any CPU
		{B67EB15E-9130-4336-89EC-2B2F9E98F5AB}.Release|Any CPU.Build.0 = Release|Any CPU
	EndGlobalSection
	GlobalSection(SolutionProperties) = preSolution
		HideSolutionNode = FALSE
	EndGlobalSection
	GlobalSection(ExtensibilityGlobals) = postSolution
		SolutionGuid = {76F4620C-6A87-4A92-B310-4BB8D074FF2B}
	EndGlobalSection
EndGlobal
